
Microsoft Visual Studio Solution File, Format Version 12.00
# Visual Studio 15
VisualStudioVersion = 15.0.26430.6
MinimumVisualStudioVersion = 10.0.40219.1
Project("{FAE04EC0-301F-11D3-BF4B-00C04F79EFBC}") = "ExampleApp", "ExampleApp\ExampleApp.csproj", "{C61C0A97-356E-4306-90AD-FF360E03E455}"
	ProjectSection(ProjectDependencies) = postProject
		{E86AD47B-D06B-4E1F-ABBE-0F7D0A6A60E5} = {E86AD47B-D06B-4E1F-ABBE-0F7D0A6A60E5}
	EndProjectSection
EndProject
Project("{FAE04EC0-301F-11D3-BF4B-00C04F79EFBC}") = "StrCalculator", "StrCalculator\StrCalculator.csproj", "{E86AD47B-D06B-4E1F-ABBE-0F7D0A6A60E5}"
EndProject
Global
	GlobalSection(SolutionConfigurationPlatforms) = preSolution
		Debug|Any CPU = Debug|Any CPU
		Release|Any CPU = Release|Any CPU
	EndGlobalSection
	GlobalSection(ProjectConfigurationPlatforms) = postSolution
		{C61C0A97-356E-4306-90AD-FF360E03E455}.Debug|Any CPU.ActiveCfg = Debug|Any CPU
		{C61C0A97-356E-4306-90AD-FF360E03E455}.Debug|Any CPU.Build.0 = Debug|Any CPU
		{C61C0A97-356E-4306-90AD-FF360E03E455}.Release|Any CPU.ActiveCfg = Release|Any CPU
		{C61C0A97-356E-4306-90AD-FF360E03E455}.Release|Any CPU.Build.0 = Release|Any CPU
		{E86AD47B-D06B-4E1F-ABBE-0F7D0A6A60E5}.Debug|Any CPU.ActiveCfg = Debug|Any CPU
		{E86AD47B-D06B-4E1F-ABBE-0F7D0A6A60E5}.Debug|Any CPU.Build.0 = Debug|Any CPU
		{E86AD47B-D06B-4E1F-ABBE-0F7D0A6A60E5}.Release|Any CPU.ActiveCfg = Release|Any CPU
		{E86AD47B-D06B-4E1F-ABBE-0F7D0A6A60E5}.Release|Any CPU.Build.0 = Release|Any CPU
	EndGlobalSection
	GlobalSection(SolutionProperties) = preSolution
		HideSolutionNode = FALSE
	EndGlobalSection
EndGlobal
